{
  "name": "workadventuremaps",
  "version": "1.0.0",
  "lockfileVersion": 3,
  "requires": true,
  "packages": {
    "": {
      "name": "workadventuremaps",
      "version": "1.0.0",
      "license": "SEE LICENSE IN LICENSE.txt",
      "devDependencies": {
        "@workadventure/iframe-api-typings": "^1.4.15"
      }
    },
    "node_modules/@workadventure/iframe-api-typings": {
      "version": "v1.5.2",
      "dev": true,
      "license": "MIT"
    }
  }
}
